# THIS IS AN AUTOGENERATED FILE. DO NOT EDIT THIS FILE DIRECTLY.
# yarn lockfile v1


"@babel/code-frame@^7.0.0", "@babel/code-frame@^7.5.5", "@babel/code-frame@^7.8.3":
  version "7.8.3"
  resolved "https://registry.yarnpkg.com/@babel/code-frame/-/code-frame-7.8.3.tgz#33e25903d7481181534e12ec0a25f16b6fcf419e"
  integrity sha512-a9gxpmdXtZEInkCSHUJDLHZVBgb1QS0jhss4cPP93EW7s+uC5bikET2twEF3KV+7rDblJcmNvTR7VJejqd2C2g==
  dependencies:
    "@babel/highlight" "^7.8.3"

"@babel/compat-data@^7.9.6":
  version "7.9.6"
  resolved "https://registry.yarnpkg.com/@babel/compat-data/-/compat-data-7.9.6.tgz#3f604c40e420131affe6f2c8052e9a275ae2049b"
  integrity sha512-5QPTrNen2bm7RBc7dsOmcA5hbrS4O2Vhmk5XOL4zWW/zD/hV0iinpefDlkm+tBBy8kDtFaaeEvmAqt+nURAV2g==
  dependencies:
    browserslist "^4.11.1"
    invariant "^2.2.4"
    semver "^5.5.0"
